{
  "version": 4,
  "terraform_version": "1.14.8",
  "serial": 15,
  "lineage": "608005d9-b8ca-2261-c796-21eab608fe51",
  "outputs": {
    "vpc_endpoint_dns_entries": {
      "value": [
        {
          "dns_name": "vpce-01e42b6ca54816d5d-q6trou9q.ec2messages.us-east-1.vpce.amazonaws.com",
          "hosted_zone_id": "Z7HUB22UULQXV"
        },
        {
          "dns_name": "vpce-01e42b6ca54816d5d-q6trou9q-us-east-1a.ec2messages.us-east-1.vpce.amazonaws.com",
          "hosted_zone_id": "Z7HUB22UULQXV"
        },
        {
          "dns_name": "ec2messages.us-east-1.amazonaws.com",
          "hosted_zone_id": "Z08150232RVGTBJGY46HI"
        }
      ],
      "type": [
        "list",
        [
          "object",
          {
            "dns_name": "string",
            "hosted_zone_id": "string"
          }
        ]
      ]
    },
    "vpc_endpoint_id": {
      "value": "vpce-01e42b6ca54816d5d",
      "type": "string"
    },
    "vpc_endpoint_network_interface_ids": {
      "value": [
        "eni-0d737cac9e624a9d4"
      ],
      "type": [
        "set",
        "string"
      ]
    }
  },
  "resources": [
    {
      "module": "module.ec2messages_endpoint",
      "mode": "managed",
      "type": "aws_vpc_endpoint",
      "name": "this",
      "provider": "provider[\"registry.terraform.io/hashicorp/aws\"]",
      "instances": [
        {
          "index_key": 0,
          "schema_version": 0,
          "attributes": {
            "arn": "arn:aws:ec2:us-east-1:418295699841:vpc-endpoint/vpce-01e42b6ca54816d5d",
            "auto_accept": null,
            "cidr_blocks": [],
            "dns_entry": [
              {
                "dns_name": "vpce-01e42b6ca54816d5d-q6trou9q.ec2messages.us-east-1.vpce.amazonaws.com",
                "hosted_zone_id": "Z7HUB22UULQXV"
              },
              {
                "dns_name": "vpce-01e42b6ca54816d5d-q6trou9q-us-east-1a.ec2messages.us-east-1.vpce.amazonaws.com",
                "hosted_zone_id": "Z7HUB22UULQXV"
              },
              {
                "dns_name": "ec2messages.us-east-1.amazonaws.com",
                "hosted_zone_id": "Z08150232RVGTBJGY46HI"
              }
            ],
            "dns_options": [
              {
                "dns_record_ip_type": "ipv4",
                "private_dns_only_for_inbound_resolver_endpoint": false,
                "private_dns_preference": "",
                "private_dns_specified_domains": []
              }
            ],
            "id": "vpce-01e42b6ca54816d5d",
            "ip_address_type": "ipv4",
            "network_interface_ids": [
              "eni-0d737cac9e624a9d4"
            ],
            "owner_id": "418295699841",
            "policy": "{\"Statement\":[{\"Action\":\"*\",\"Effect\":\"Allow\",\"Principal\":\"*\",\"Resource\":\"*\"}]}",
            "prefix_list_id": null,
            "private_dns_enabled": true,
            "region": "us-east-1",
            "requester_managed": false,
            "resource_configuration_arn": "",
            "route_table_ids": [],
            "security_group_ids": [
              "sg-02c3be99d2bc862ca"
            ],
            "service_name": "com.amazonaws.us-east-1.ec2messages",
            "service_network_arn": "",
            "service_region": "us-east-1",
            "state": "available",
            "subnet_configuration": [
              {
                "ipv4": "10.0.1.56",
                "ipv6": "",
                "subnet_id": "subnet-0e2edd5fa0e3907f0"
              }
            ],
            "subnet_ids": [
              "subnet-0e2edd5fa0e3907f0"
            ],
            "tags": {
              "ManagedBy": "TerraformRGT",
              "Name": "ec2messages-interface-endpointRGT",
              "Service": "ec2messagesRGT"
            },
            "tags_all": {
              "ManagedBy": "TerraformRGT",
              "Name": "ec2messages-interface-endpointRGT",
              "Service": "ec2messagesRGT"
            },
            "timeouts": null,
            "vpc_endpoint_type": "Interface",
            "vpc_id": "vpc-0c4f804e905f41635"
          },
          "sensitive_attributes": [],
          "identity_schema_version": 0,
          "identity": {
            "account_id": "418295699841",
            "id": "vpce-01e42b6ca54816d5d",
            "region": "us-east-1"
          },
          "private": "eyJlMmJmYjczMC1lY2FhLTExZTYtOGY4OC0zNDM2M2JjN2M0YzAiOnsiY3JlYXRlIjo2MDAwMDAwMDAwMDAsImRlbGV0ZSI6NjAwMDAwMDAwMDAwLCJ1cGRhdGUiOjYwMDAwMDAwMDAwMH19"
        }
      ]
    }
  ],
  "check_results": null
}
